
Microsoft Visual Studio Solution File, Format Version 12.00
# Visual Studio Version 17
VisualStudioVersion = 17.9.34616.47
MinimumVisualStudioVersion = 10.0.40219.1
Project("{9A19103F-16F7-4668-BE54-9A1E7A4F7556}") = "Enviri.SharedLibrary", "Enviri.SharedLibrary\Enviri.SharedLibrary.csproj", "{D078DBC5-E42F-46DE-8875-43A572E4D951}"
EndProject
Project("{9A19103F-16F7-4668-BE54-9A1E7A4F7556}") = "Enviri.PO.WebUI", "Enviri.PO.WebUI\Enviri.PO.WebUI\Enviri.PO.WebUI.csproj", "{696ED72D-0B0D-4940-B866-02BE19FD291E}"
EndProject
Project("{9A19103F-16F7-4668-BE54-9A1E7A4F7556}") = "Enviri.PO.WebUI.Client", "Enviri.PO.WebUI\Enviri.PO.WebUI.Client\Enviri.PO.WebUI.Client.csproj", "{C293483D-68FB-4180-A3D8-A526330F1B8B}"
EndProject
Global
	GlobalSection(SolutionConfigurationPlatforms) = preSolution
		Debug|Any CPU = Debug|Any CPU
		Release|Any CPU = Release|Any CPU
	EndGlobalSection
	GlobalSection(ProjectConfigurationPlatforms) = postSolution
		{D078DBC5-E42F-46DE-8875-43A572E4D951}.Debug|Any CPU.ActiveCfg = Debug|Any CPU
		{D078DBC5-E42F-46DE-8875-43A572E4D951}.Debug|Any CPU.Build.0 = Debug|Any CPU
		{D078DBC5-E42F-46DE-8875-43A572E4D951}.Release|Any CPU.ActiveCfg = Release|Any CPU
		{D078DBC5-E42F-46DE-8875-43A572E4D951}.Release|Any CPU.Build.0 = Release|Any CPU
		{696ED72D-0B0D-4940-B866-02BE19FD291E}.Debug|Any CPU.ActiveCfg = Debug|Any CPU
		{696ED72D-0B0D-4940-B866-02BE19FD291E}.Debug|Any CPU.Build.0 = Debug|Any CPU
		{696ED72D-0B0D-4940-B866-02BE19FD291E}.Release|Any CPU.ActiveCfg = Release|Any CPU
		{696ED72D-0B0D-4940-B866-02BE19FD291E}.Release|Any CPU.Build.0 = Release|Any CPU
		{C293483D-68FB-4180-A3D8-A526330F1B8B}.Debug|Any CPU.ActiveCfg = Debug|Any CPU
		{C293483D-68FB-4180-A3D8-A526330F1B8B}.Debug|Any CPU.Build.0 = Debug|Any CPU
		{C293483D-68FB-4180-A3D8-A526330F1B8B}.Release|Any CPU.ActiveCfg = Release|Any CPU
		{C293483D-68FB-4180-A3D8-A526330F1B8B}.Release|Any CPU.Build.0 = Release|Any CPU
	EndGlobalSection
	GlobalSection(SolutionProperties) = preSolution
		HideSolutionNode = FALSE
	EndGlobalSection
	GlobalSection(ExtensibilityGlobals) = postSolution
		SolutionGuid = {267E727B-4E90-4AA9-A55B-E7EF0142F483}
	EndGlobalSection
EndGlobal
